
Microsoft Visual Studio Solution File, Format Version 12.00
# Visual Studio Version 16
VisualStudioVersion = 16.0.29123.88
MinimumVisualStudioVersion = 10.0.40219.1
Project("{FAE04EC0-301F-11D3-BF4B-00C04F79EFBC}") = "ConsoleApp1", "ConsoleApp1\ConsoleApp1.csproj", "{40278F51-0FD7-4DEF-9C52-D4A292F2C7D1}"
EndProject
Global
	GlobalSection(SolutionConfigurationPlatforms) = preSolution
		Debug|Any CPU = Debug|Any CPU
		Release|Any CPU = Release|Any CPU
	EndGlobalSection
	GlobalSection(ProjectConfigurationPlatforms) = postSolution
		{40278F51-0FD7-4DEF-9C52-D4A292F2C7D1}.Debug|Any CPU.ActiveCfg = Debug|Any CPU
		{40278F51-0FD7-4DEF-9C52-D4A292F2C7D1}.Debug|Any CPU.Build.0 = Debug|Any CPU
		{40278F51-0FD7-4DEF-9C52-D4A292F2C7D1}.Release|Any CPU.ActiveCfg = Release|Any CPU
		{40278F51-0FD7-4DEF-9C52-D4A292F2C7D1}.Release|Any CPU.Build.0 = Release|Any CPU
	EndGlobalSection
	GlobalSection(SolutionProperties) = preSolution
		HideSolutionNode = FALSE
	EndGlobalSection
	GlobalSection(ExtensibilityGlobals) = postSolution
		SolutionGuid = {4677F27C-699C-432B-AE8D-FCB8BF4279EC}
	EndGlobalSection
EndGlobal
